
Microsoft Visual Studio Solution File, Format Version 12.00
# Visual Studio Version 17
VisualStudioVersion = 17.8.34330.188
MinimumVisualStudioVersion = 10.0.40219.1
Project("{FAE04EC0-301F-11D3-BF4B-00C04F79EFBC}") = "Zaliczenie", "Zaliczenie\Zaliczenie.csproj", "{BFCCC60B-577D-4F5A-830E-477023D6BE24}"
EndProject
Global
	GlobalSection(SolutionConfigurationPlatforms) = preSolution
		Debug|Any CPU = Debug|Any CPU
		Release|Any CPU = Release|Any CPU
	EndGlobalSection
	GlobalSection(ProjectConfigurationPlatforms) = postSolution
		{BFCCC60B-577D-4F5A-830E-477023D6BE24}.Debug|Any CPU.ActiveCfg = Debug|Any CPU
		{BFCCC60B-577D-4F5A-830E-477023D6BE24}.Debug|Any CPU.Build.0 = Debug|Any CPU
		{BFCCC60B-577D-4F5A-830E-477023D6BE24}.Release|Any CPU.ActiveCfg = Release|Any CPU
		{BFCCC60B-577D-4F5A-830E-477023D6BE24}.Release|Any CPU.Build.0 = Release|Any CPU
	EndGlobalSection
	GlobalSection(SolutionProperties) = preSolution
		HideSolutionNode = FALSE
	EndGlobalSection
	GlobalSection(ExtensibilityGlobals) = postSolution
		SolutionGuid = {EA00DB03-C178-4C62-84A7-C4224BD66E8A}
	EndGlobalSection
EndGlobal
